
Microsoft Visual Studio Solution File, Format Version 12.00
# Visual Studio Version 16
VisualStudioVersion = 16.0.28922.388
MinimumVisualStudioVersion = 10.0.40219.1
Project("{9A19103F-16F7-4668-BE54-9A1E7A4F7556}") = "TypingAnalyzer", "TypingAnalyzer\TypingAnalyzer.csproj", "{4C341930-CB9A-4ED1-9BE2-6E9AFB666CF4}"
EndProject
Project("{FAE04EC0-301F-11D3-BF4B-00C04F79EFBC}") = "TypingAnalyzer.Tests", "TypingAnalyzer.Tests\TypingAnalyzer.Tests.csproj", "{D92E9DAD-034D-4C65-BEF9-167146258D16}"
EndProject
Global
	GlobalSection(SolutionConfigurationPlatforms) = preSolution
		Debug|Any CPU = Debug|Any CPU
		Release|Any CPU = Release|Any CPU
	EndGlobalSection
	GlobalSection(ProjectConfigurationPlatforms) = postSolution
		{4C341930-CB9A-4ED1-9BE2-6E9AFB666CF4}.Debug|Any CPU.ActiveCfg = Debug|Any CPU
		{4C341930-CB9A-4ED1-9BE2-6E9AFB666CF4}.Debug|Any CPU.Build.0 = Debug|Any CPU
		{4C341930-CB9A-4ED1-9BE2-6E9AFB666CF4}.Release|Any CPU.ActiveCfg = Release|Any CPU
		{4C341930-CB9A-4ED1-9BE2-6E9AFB666CF4}.Release|Any CPU.Build.0 = Release|Any CPU
		{D92E9DAD-034D-4C65-BEF9-167146258D16}.Debug|Any CPU.ActiveCfg = Debug|Any CPU
		{D92E9DAD-034D-4C65-BEF9-167146258D16}.Debug|Any CPU.Build.0 = Debug|Any CPU
		{D92E9DAD-034D-4C65-BEF9-167146258D16}.Release|Any CPU.ActiveCfg = Release|Any CPU
		{D92E9DAD-034D-4C65-BEF9-167146258D16}.Release|Any CPU.Build.0 = Release|Any CPU
	EndGlobalSection
	GlobalSection(SolutionProperties) = preSolution
		HideSolutionNode = FALSE
	EndGlobalSection
	GlobalSection(ExtensibilityGlobals) = postSolution
		SolutionGuid = {B3D442FB-5800-44A4-8F9B-9121DB534A91}
	EndGlobalSection
EndGlobal
